
Microsoft Visual Studio Solution File, Format Version 12.00
# Visual Studio Version 16
VisualStudioVersion = 16.0.30907.101
MinimumVisualStudioVersion = 10.0.40219.1
Project("{FAE04EC0-301F-11D3-BF4B-00C04F79EFBC}") = "WpfApp2", "WpfApp2.csproj", "{4BB652DE-FBAA-4C61-A5F3-FD3DC032928D}"
EndProject
Global
	GlobalSection(SolutionConfigurationPlatforms) = preSolution
		Debug|Any CPU = Debug|Any CPU
		Release|Any CPU = Release|Any CPU
	EndGlobalSection
	GlobalSection(ProjectConfigurationPlatforms) = postSolution
		{4BB652DE-FBAA-4C61-A5F3-FD3DC032928D}.Debug|Any CPU.ActiveCfg = Debug|Any CPU
		{4BB652DE-FBAA-4C61-A5F3-FD3DC032928D}.Debug|Any CPU.Build.0 = Debug|Any CPU
		{4BB652DE-FBAA-4C61-A5F3-FD3DC032928D}.Release|Any CPU.ActiveCfg = Release|Any CPU
		{4BB652DE-FBAA-4C61-A5F3-FD3DC032928D}.Release|Any CPU.Build.0 = Release|Any CPU
	EndGlobalSection
	GlobalSection(SolutionProperties) = preSolution
		HideSolutionNode = FALSE
	EndGlobalSection
	GlobalSection(ExtensibilityGlobals) = postSolution
		SolutionGuid = {35F52EDF-10F6-4933-A4EB-9DA223E86F72}
	EndGlobalSection
EndGlobal
